
Microsoft Visual Studio Solution File, Format Version 12.00
# Visual Studio Version 17
VisualStudioVersion = 17.14.36221.1 d17.14
MinimumVisualStudioVersion = 10.0.40219.1
Project("{FAE04EC0-301F-11D3-BF4B-00C04F79EFBC}") = "Week2TextRPG_Younga", "Week2TextRPG_Younga\Week2TextRPG_Younga.csproj", "{A1E5A995-D59F-44AA-A644-D933B8D13E13}"
EndProject
Global
	GlobalSection(SolutionConfigurationPlatforms) = preSolution
		Debug|Any CPU = Debug|Any CPU
		Release|Any CPU = Release|Any CPU
	EndGlobalSection
	GlobalSection(ProjectConfigurationPlatforms) = postSolution
		{A1E5A995-D59F-44AA-A644-D933B8D13E13}.Debug|Any CPU.ActiveCfg = Debug|Any CPU
		{A1E5A995-D59F-44AA-A644-D933B8D13E13}.Debug|Any CPU.Build.0 = Debug|Any CPU
		{A1E5A995-D59F-44AA-A644-D933B8D13E13}.Release|Any CPU.ActiveCfg = Release|Any CPU
		{A1E5A995-D59F-44AA-A644-D933B8D13E13}.Release|Any CPU.Build.0 = Release|Any CPU
	EndGlobalSection
	GlobalSection(SolutionProperties) = preSolution
		HideSolutionNode = FALSE
	EndGlobalSection
	GlobalSection(ExtensibilityGlobals) = postSolution
		SolutionGuid = {63BA0588-47F3-4BF0-8AC5-44E139903C41}
	EndGlobalSection
EndGlobal
